hash: f1f85c5d4b9520217cc6fa9fd7b7e97790e737def9bc08ab45d53d5db729c779
updated: 2016-09-14T20:54:48.289839938+02:00
imports:
- name: github.com/Azure/go-ansiterm
  version: 388960b655244e76e24c75f48631564eaefade62
  subpackages:
  - winterm
- name: github.com/btcsuite/btcd
  version: 7de7bddba9d9a8b0b7490931e346e8f10d0bdb7f
  subpackages:
  - btcec
- name: github.com/btcsuite/fastsha256
  version: 302ad4db268b46f9ebda3078f6f7397f96047735
- name: github.com/bugsnag/bugsnag-go
  version: 31ae3484de3e96dbc4de1756b14ad6393b94103c
  subpackages:
  - errors
- name: github.com/bugsnag/osext
  version: 0dd3f918b21bec95ace9dc86c7e70266cfc5c702
- name: github.com/bugsnag/panicwrap
  version: d6191e27ad06236eaad65d79e49a08b03b9f8029
- name: github.com/BurntSushi/toml
  version: f0aeabca5a127c4078abb8c8d64298b147264b55
- name: github.com/davecgh/go-spew
  version: 5215b55f46b2b919f50a1df0eaa5886afe4e3b3d
- name: github.com/eris-ltd/common
  version: 8ca15f5455104403db4202c995e2f6e161654c02
  subpackages:
  - go/docs
  - go/common
- name: github.com/eris-ltd/eris-keys
  version: 114ebc77443db9a153692233294e48bc7e184215
- name: github.com/eris-ltd/eris-logger
  version: ea48a395d6ecc0eccc67a26da9fc7a6106fabb84
- name: github.com/fsnotify/fsnotify
  version: 30411dbcefb7a1da7e84f75530ad3abe4011b4f8
- name: github.com/gin-gonic/gin
  version: f931d1ea80ae95a6fc739213cdd9399bd2967fb6
  subpackages:
  - binding
  - render
- name: github.com/go-stack/stack
  version: 100eb0c0a9c5b306ca2fb4f165df21d80ada4b82
- name: github.com/golang/protobuf
  version: 0c1f6d65b5a189c2250d10e71a5506f06f9fa0a0
  subpackages:
  - proto
- name: github.com/golang/snappy
  version: d9eb7a3d35ec988b8585d4a0068e462c27d28380
- name: github.com/gorilla/websocket
  version: a68708917c6a4f06314ab4e52493cc61359c9d42
- name: github.com/hashicorp/hcl
  version: da486364306ed66c218be9b7953e19173447c18b
  subpackages:
  - hcl/ast
  - hcl/parser
  - hcl/token
  - json/parser
  - hcl/scanner
  - hcl/strconv
  - json/scanner
  - json/token
- name: github.com/inconshreveable/mousetrap
  version: 76626ae9c91c4f2a10f34cad8ce83ea42c93bb75
- name: github.com/magiconair/properties
  version: c265cfa48dda6474e208715ca93e987829f572f8
- name: github.com/manucorporat/sse
  version: ee05b128a739a0fb76c7ebd3ae4810c1de808d6d
- name: github.com/mattn/go-colorable
  version: 9056b7a9f2d1f2d96498d6d146acd1f9d5ed3d59
- name: github.com/mattn/go-isatty
  version: 56b76bdf51f7708750eac80fa38b952bb9f32639
- name: github.com/mitchellh/mapstructure
  version: d2dd0262208475919e1a362f675cfc0e7c10e905
- name: github.com/naoina/toml
  version: 751171607256bb66e64c9f0220c00662420c38e9
- name: github.com/pmezard/go-difflib
  version: d8ed2627bdf02c080bf22230dbb337003b7aba2d
  subpackages:
  - difflib
- name: github.com/Sirupsen/logrus
  version: f3cfb454f4c209e6668c95216c4744b8fddb2356
- name: github.com/spf13/cast
  version: 27b586b42e29bec072fe7379259cc719e1289da6
- name: github.com/spf13/cobra
  version: bc81c21bd0d8be5ba2d6630a505d79d4467566e7
- name: github.com/spf13/jwalterweatherman
  version: 33c24e77fb80341fe7130ee7c594256ff08ccc46
- name: github.com/spf13/pflag
  version: 367864438f1b1a3c7db4da06a2f55b144e6784e0
- name: github.com/spf13/viper
  version: c1ccc378a054ea8d4e38d8c67f6938d4760b53dd
- name: github.com/stretchr/testify
  version: d77da356e56a7428ad25149ca77381849a6a5232
  subpackages:
  - assert
- name: github.com/syndtr/goleveldb
  version: fa5b5c78794bc5c18f330361059f871ae8c2b9d6
  subpackages:
  - leveldb
  - leveldb/errors
  - leveldb/opt
  - leveldb/cache
  - leveldb/comparer
  - leveldb/filter
  - leveldb/iterator
  - leveldb/journal
  - leveldb/memdb
  - leveldb/storage
  - leveldb/table
  - leveldb/util
- name: github.com/tendermint/ed25519
  version: fdac6641497281ed1cc368687ec6377e96e02b24
  subpackages:
  - edwards25519
  - extra25519
- name: github.com/tendermint/flowcontrol
  version: 84d9671090430e8ec80e35b339907e0579b999eb
- name: github.com/tendermint/go-clist
  version: 634527f5b60fd7c71ca811262493df2ad65ee0ca
- name: github.com/tendermint/go-common
  version: dcfa46af1341d03b80d32e4901019d1668b978b9
- name: github.com/tendermint/go-config
  version: cfcef384d64b94e50909596e39b32ffb3cc20573
- name: github.com/tendermint/go-crypto
  version: 41cfb7b677f4e16cdfd22b6ce0946c89919fbc7b
- name: github.com/tendermint/go-db
  version: 31fdd21c7eaeed53e0ea7ca597fb1e960e2988a5
- name: github.com/tendermint/go-events
  version: 7b75ca7bb55aa25e9ef765eb8c0b69486b227357
- name: github.com/tendermint/go-logger
  version: 529efe50eab1a8a9c111d55f4de4ecd95f482761
- name: github.com/tendermint/go-merkle
  version: 05042c6ab9cad51d12e4cecf717ae68e3b1409a8
- name: github.com/tendermint/go-p2p
  version: 5bd7692323ec60d6461678f09b5024a952164151
  subpackages:
  - upnp
- name: github.com/tendermint/go-rpc
  version: 479510be0e80dd9e5d6b1f941adad168df0af85f
  subpackages:
  - client
  - server
  - types
- name: github.com/tendermint/go-wire
  version: 3b0adbc86ed8425eaed98516165b6788d9f4de7a
- name: github.com/tendermint/log15
  version: 9545b249b3aacafa97f79e0838b02b274adc6f5f
  subpackages:
  - term
- name: github.com/tendermint/tendermint
  version: aaea0c5d2e3ecfbf29f2608f9d43649ec7f07f50
  subpackages:
  - node
  - proxy
  - types
  - version
  - consensus
  - rpc/core/types
  - blockchain
  - mempool
  - rpc/core
  - state
- name: github.com/tendermint/tmsp
  version: 73e5c3cb7bbee2f9c49792e5a0fcbcab442bf7dc
  subpackages:
  - client
  - types
  - example/dummy
  - example/nil
- name: github.com/tommy351/gin-cors
  version: dc91dec6313ae4db53481bf3b29cf6b94bf80357
- name: golang.org/x/crypto
  version: f3241ce8505855877cc8a9717bd61a0f7c4ea83c
  subpackages:
  - ripemd160
  - nacl/secretbox
  - openpgp/armor
  - nacl/box
  - poly1305
  - salsa20/salsa
  - openpgp/errors
  - curve25519
- name: golang.org/x/net
  version: de35ec43e7a9aabd6a9c54d2898220ea7e44de7d
  subpackages:
  - http2
  - context
  - netutil
  - trace
  - http2/hpack
  - idna
  - lex/httplex
  - internal/timeseries
- name: golang.org/x/sys
  version: 62bee037599929a6e9146f29d10dd5208c43507d
  subpackages:
  - unix
- name: google.golang.org/grpc
  version: e78224b060cf3215247b7be455f80ea22e469b66
  subpackages:
  - codes
  - credentials
  - grpclog
  - internal
  - metadata
  - naming
  - transport
  - peer
- name: gopkg.in/fatih/set.v0
  version: 27c40922c40b43fe04554d8223a402af3ea333f3
- name: gopkg.in/go-playground/validator.v8
  version: c193cecd124b5cc722d7ee5538e945bdb3348435
- name: gopkg.in/tylerb/graceful.v1
  version: ecde8c8f16df93a994dda8936c8f60f0c26c28ab
- name: gopkg.in/yaml.v2
  version: a83829b6f1293c91addabc89d0571c246397bbf4
devImports: []
