# This file is autogenerated, do not edit; changes may be undone by the next 'dep ensure'.


[[projects]]
  digest = "1:167b6f65a6656de568092189ae791253939f076df60231fdd64588ac703892a1"
  name = "github.com/BurntSushi/toml"
  packages = ["."]
  pruneopts = "NUT"
  revision = "b26d9c308763d68093482582cea63d69be07a0f0"
  version = "v0.3.0"

[[projects]]
  digest = "1:40948327b6631b9b5c7bb55acb55bd1cad78ffbfa9d81642e90ffdcb1d487443"
  name = "github.com/OneOfOne/xxhash"
  packages = ["."]
  pruneopts = "NUT"
  revision = "6def279d2ce6c81a79dd1c1be580f03bb216fb8a"
  version = "v1.2.2"

[[projects]]
  digest = "1:5a23cd3a5496a0b2da7e3b348d14e77b11a210738c398200d7d6f04ea8cf3bd8"
  name = "github.com/asaskevich/govalidator"
  packages = ["."]
  pruneopts = "NUT"
  revision = "ccb8e960c48f04d6935e72476ae4a51028f9e22f"
  version = "v9"

[[projects]]
  branch = "master"
  digest = "1:707ebe952a8b3d00b343c01536c79c73771d100f63ec6babeaed5c79e2b8a8dd"
  name = "github.com/beorn7/perks"
  packages = ["quantile"]
  pruneopts = "NUT"
  revision = "3a771d992973f24aa725d07868b467d1ddfceafb"

[[projects]]
  branch = "master"
  digest = "1:5150d33e061d3af9440f2fdad3f82456cb142b3200ce77e0bc2ffef90eef0b0c"
  name = "github.com/btcsuite/btcd"
  packages = ["btcec"]
  pruneopts = "NUT"
  revision = "f899737d7f2764dc13e4d01ff00108ec58f766a9"

[[projects]]
  branch = "master"
  digest = "1:96f90d432e58964e281f5e4d4683699a472b39517d5b38b39df422523ebb5bd2"
  name = "github.com/cep21/xdgbasedir"
  packages = ["."]
  pruneopts = "NUT"
  revision = "21470bfc93b9903bce0beaebb037b1d04d0be523"

[[projects]]
  digest = "1:a2c1d0e43bd3baaa071d1b9ed72c27d78169b2b269f71c105ac4ba34b1be4a39"
  name = "github.com/davecgh/go-spew"
  packages = ["spew"]
  pruneopts = "NUT"
  revision = "346938d642f2ec3594ed81d874461961cd0faa76"
  version = "v1.1.0"

[[projects]]
  digest = "1:4f0ac2a7cc350b14c72a9de0de046b908482d6f16183c8570ee4d6e17adc6a94"
  name = "github.com/eapache/channels"
  packages = ["."]
  pruneopts = "NUT"
  revision = "47238d5aae8c0fefd518ef2bee46290909cf8263"
  version = "v1.1.0"

[[projects]]
  digest = "1:0d36a2b325b9e75f8057f7f9fbe778d348d70ba652cb9335485b69d1a5c4e038"
  name = "github.com/eapache/queue"
  packages = ["."]
  pruneopts = "NUT"
  revision = "44cc805cf13205b55f69e14bcb69867d1ae92f98"
  version = "v1.1.0"

[[projects]]
  digest = "1:294576320c5093015ca9130ed928c84b2fdc8b9db6d136505a513795f3a64e3e"
  name = "github.com/ebuchman/fail-test"
  packages = ["."]
  pruneopts = "NUT"
  revision = "95f809107225be108efcf10a3509e4ea6ceef3c4"

[[projects]]
  branch = "master"
  digest = "1:e418703bf70f5f9bab1edb4a57f735b3f80bee70efcff92a10d1ceba6fd20de6"
  name = "github.com/elgs/gojq"
  packages = ["."]
  pruneopts = "NUT"
  revision = "81fa9a608a130323eaf4b4fc00224f7a467ffbd1"

[[projects]]
  branch = "master"
  digest = "1:6b5a42a385e80b611e158e0b172c6c6bd50e38a103bc7b28382685ab878b5384"
  name = "github.com/elgs/gosplitargs"
  packages = ["."]
  pruneopts = "NUT"
  revision = "a491c5eeb3c841d55913cf4888f5c957be4c598d"

[[projects]]
  digest = "1:1b91ae0dc69a41d4c2ed23ea5cffb721ea63f5037ca4b81e6d6771fbb8f45129"
  name = "github.com/fsnotify/fsnotify"
  packages = ["."]
  pruneopts = "NUT"
  revision = "c2828203cd70a50dcccfb2761f8b1f8ceef9a8e9"
  version = "v1.4.7"

[[projects]]
  digest = "1:4956b2f82cd1045ccded4db070821b3b6b8fbc8628d4d63de90128ea56efcdfb"
  name = "github.com/go-kit/kit"
  packages = [
    "log",
    "log/level",
    "log/term",
    "metrics",
    "metrics/discard",
    "metrics/internal/lv",
    "metrics/prometheus",
  ]
  pruneopts = "NUT"
  revision = "4dc7be5d2d12881735283bcab7352178e190fc71"
  version = "v0.6.0"

[[projects]]
  digest = "1:341a7df38da99fe91ed40e4008c13cc5d02dcc98ed1a094360cb7d5df26d6d26"
  name = "github.com/go-logfmt/logfmt"
  packages = ["."]
  pruneopts = "NUT"
  revision = "390ab7935ee28ec6b286364bba9b4dd6410cb3d5"
  version = "v0.3.0"

[[projects]]
  digest = "1:4c59c7d491a28441d9f8b1c78d861021b13562e7e6cb3a8f258cc6703b244a31"
  name = "github.com/go-ozzo/ozzo-validation"
  packages = [
    ".",
    "is",
  ]
  pruneopts = "NUT"
  revision = "9d6782aa52aad2ec5f3ea5af63b7dc4bc5192c40"
  version = "v3.4.0"

[[projects]]
  digest = "1:a1efdbc2762667c8a41cbf02b19a0549c846bf2c1d08cad4f445e3344089f1f0"
  name = "github.com/go-stack/stack"
  packages = ["."]
  pruneopts = "NUT"
  revision = "259ab82a6cad3992b4e21ff5cac294ccb06474bc"
  version = "v1.7.0"

[[projects]]
  digest = "1:35621fe20f140f05a0c4ef662c26c0ab4ee50bca78aa30fe87d33120bd28165e"
  name = "github.com/gogo/protobuf"
  packages = [
    "gogoproto",
    "jsonpb",
    "proto",
    "protoc-gen-gogo/descriptor",
    "sortkeys",
    "types",
  ]
  pruneopts = "UT"
  revision = "636bf0302bc95575d69441b25a2603156ffdddf1"
  version = "v1.1.1"

[[projects]]
  digest = "1:03e14cff610a8a58b774e36bd337fa979482be86aab01be81fb8bbd6d0f07fc8"
  name = "github.com/golang/protobuf"
  packages = [
    "proto",
    "ptypes",
    "ptypes/any",
    "ptypes/duration",
    "ptypes/timestamp",
  ]
  pruneopts = "NUT"
  revision = "b4deda0973fb4c70b50d226b1af49f3da59f5265"
  version = "v1.1.0"

[[projects]]
  branch = "master"
  digest = "1:7f114b78210bf5b75f307fc97cff293633c835bab1e0ea8a744a44b39c042dfe"
  name = "github.com/golang/snappy"
  packages = ["."]
  pruneopts = "NUT"
  revision = "2e65f85255dbc3072edf28d6b5b8efc472979f5a"

[[projects]]
  digest = "1:3b708ebf63bfa9ba3313bedb8526bc0bb284e51474e65e958481476a9d4a12aa"
  name = "github.com/gorilla/websocket"
  packages = ["."]
  pruneopts = "NUT"
  revision = "ea4d1f681babbce9545c9c5f3d5194a789c89f5b"
  version = "v1.2.0"

[[projects]]
  branch = "master"
  digest = "1:11c6c696067d3127ecf332b10f89394d386d9083f82baf71f40f2da31841a009"
  name = "github.com/hashicorp/hcl"
  packages = [
    ".",
    "hcl/ast",
    "hcl/parser",
    "hcl/printer",
    "hcl/scanner",
    "hcl/strconv",
    "hcl/token",
    "json/parser",
    "json/scanner",
    "json/token",
  ]
  pruneopts = "NUT"
  revision = "ef8a98b0bbce4a65b5aa4c368430a80ddc533168"

[[projects]]
  branch = "master"
  digest = "1:b7f860847a1d71f925ba9385ed95f1ebc0abfeb418a78e219ab61f48fdfeffad"
  name = "github.com/howeyc/gopass"
  packages = ["."]
  pruneopts = "NUT"
  revision = "bf9dde6d0d2c004a008c27aaee91170c786f6db8"

[[projects]]
  branch = "master"
  digest = "1:c13aea0b77243f1fcd0253583c90e180010a3a5bbdf43f61a3daddc48d88b0b2"
  name = "github.com/iancoleman/strcase"
  packages = ["."]
  pruneopts = "NUT"
  revision = "3605ed457bf7f8caa1371b4fafadadc026673479"

[[projects]]
  digest = "1:9a52adf44086cead3b384e5d0dbf7a1c1cce65e67552ee3383a8561c42a18cd3"
  name = "github.com/imdario/mergo"
  packages = ["."]
  pruneopts = "NUT"
  revision = "9f23e2d6bd2a77f959b2bf6acdbefd708a83a4a4"
  version = "v0.3.6"

[[projects]]
  digest = "1:c7ef3ee638cc1e5d39c2b1d9874183ecc62e4822c9524360bc8fbdc3139ab4c3"
  name = "github.com/jawher/mow.cli"
  packages = [
    ".",
    "internal/container",
    "internal/flow",
    "internal/fsm",
    "internal/lexer",
    "internal/matcher",
    "internal/parser",
    "internal/values",
  ]
  pruneopts = "NUT"
  revision = "2f22195f169da29d54624afd9eb83ada5c9e4ee9"
  version = "v1.0.4"

[[projects]]
  branch = "master"
  digest = "1:3d24306f696fc55f4773ba2ea288be218ca725b572e714483e65de169c731845"
  name = "github.com/jmhodges/levigo"
  packages = ["."]
  pruneopts = "NUT"
  revision = "c42d9e0ca023e2198120196f842701bb4c55d7b9"

[[projects]]
  branch = "master"
  digest = "1:f91bb67d051a94cf6ab2cf07eee0550432afc31655838d42cdec258db4b348f0"
  name = "github.com/kr/logfmt"
  packages = ["."]
  pruneopts = "NUT"
  revision = "b84e30acd515aadc4b783ad4ff83aff3299bdfe0"

[[projects]]
  digest = "1:d244f8666a838fe6ad70ec8fe77f50ebc29fdc3331a2729ba5886bef8435d10d"
  name = "github.com/magiconair/properties"
  packages = ["."]
  pruneopts = "NUT"
  revision = "c2353362d570a7bfa228149c62842019201cfb71"
  version = "v1.8.0"

[[projects]]
  digest = "1:5985ef4caf91ece5d54817c11ea25f182697534f8ae6521eadcd628c142ac4b6"
  name = "github.com/matttproud/golang_protobuf_extensions"
  packages = ["pbutil"]
  pruneopts = "NUT"
  revision = "c12348ce28de40eed0136aa2b644d0ee0650e56c"
  version = "v1.0.1"

[[projects]]
  branch = "master"
  digest = "1:5fe20cfe4ef484c237cec9f947b2a6fa90bad4b8610fd014f0e4211e13d82d5d"
  name = "github.com/mitchellh/mapstructure"
  packages = ["."]
  pruneopts = "NUT"
  revision = "f15292f7a699fcc1a38a80977f80a046874ba8ac"

[[projects]]
  digest = "1:9a3c7cb3b6be10c156b8ac4f69bcf0bdf483b6e601005505e254958eeb599281"
  name = "github.com/monax/relic"
  packages = ["."]
  pruneopts = "NUT"
  revision = "b713bcb44ab7888328eb63f609abd21e111ff9d5"
  version = "v2.0.0"

[[projects]]
  digest = "1:51ea800cff51752ff68e12e04106f5887b4daec6f9356721238c28019f0b42db"
  name = "github.com/pelletier/go-toml"
  packages = ["."]
  pruneopts = "NUT"
  revision = "c01d1270ff3e442a8a57cddc1c92dc1138598194"
  version = "v1.2.0"

[[projects]]
  digest = "1:5cf3f025cbee5951a4ee961de067c8a89fc95a5adabead774f82822efabab121"
  name = "github.com/pkg/errors"
  packages = ["."]
  pruneopts = "NUT"
  revision = "645ef00459ed84a119197bfb8d8205042c6df63d"
  version = "v0.8.0"

[[projects]]
  digest = "1:0028cb19b2e4c3112225cd871870f2d9cf49b9b4276531f03438a88e94be86fe"
  name = "github.com/pmezard/go-difflib"
  packages = ["difflib"]
  pruneopts = "NUT"
  revision = "792786c7400a136282c1664665ae0a8db921c6c2"
  version = "v1.0.0"

[[projects]]
  digest = "1:a16a1797cf7077c68a7a312ab68f1349b5ba2ca926a383d4b17c272b6ee97e15"
  name = "github.com/prometheus/client_golang"
  packages = [
    "prometheus",
    "prometheus/promhttp",
  ]
  pruneopts = "NUT"
  revision = "ae27198cdd90bf12cd134ad79d1366a6cf49f632"

[[projects]]
  branch = "master"
  digest = "1:2d5cd61daa5565187e1d96bae64dbbc6080dacf741448e9629c64fd93203b0d4"
  name = "github.com/prometheus/client_model"
  packages = ["go"]
  pruneopts = "NUT"
  revision = "5c3871d89910bfb32f5fcab2aa4b9ec68e65a99f"

[[projects]]
  branch = "master"
  digest = "1:fad5a35eea6a1a33d6c8f949fbc146f24275ca809ece854248187683f52cc30b"
  name = "github.com/prometheus/common"
  packages = [
    "expfmt",
    "internal/bitbucket.org/ww/goautoneg",
    "model",
  ]
  pruneopts = "NUT"
  revision = "c7de2306084e37d54b8be01f3541a8464345e9a5"

[[projects]]
  branch = "master"
  digest = "1:6621142cd60b7150ab66f38ff36303ca55843dc5a635c1f9a28f95ecddab72b4"
  name = "github.com/prometheus/procfs"
  packages = [
    ".",
    "internal/util",
    "nfs",
    "xfs",
  ]
  pruneopts = "NUT"
  revision = "05ee40e3a273f7245e8777337fc7b46e533a9a92"

[[projects]]
  branch = "master"
  digest = "1:7c522337040d4ec9a136cd9d64fe4677ee1d3eae4a7f8831c2108f9bec43fa48"
  name = "github.com/rcrowley/go-metrics"
  packages = ["."]
  pruneopts = "NUT"
  revision = "e2704e165165ec55d062f5919b4b29494e9fa790"

[[projects]]
  digest = "1:b2339e83ce9b5c4f79405f949429a7f68a9a904fed903c672aac1e7ceb7f5f02"
  name = "github.com/sirupsen/logrus"
  packages = ["."]
  pruneopts = "NUT"
  revision = "3e01752db0189b9157070a0e1668a620f9a85da2"
  version = "v1.0.6"

[[projects]]
  digest = "1:330e9062b308ac597e28485699c02223bd052437a6eed32a173c9227dcb9d95a"
  name = "github.com/spf13/afero"
  packages = [
    ".",
    "mem",
  ]
  pruneopts = "NUT"
  revision = "787d034dfe70e44075ccc060d346146ef53270ad"
  version = "v1.1.1"

[[projects]]
  digest = "1:3fa7947ca83b98ae553590d993886e845a4bff19b7b007e869c6e0dd3b9da9cd"
  name = "github.com/spf13/cast"
  packages = ["."]
  pruneopts = "NUT"
  revision = "8965335b8c7107321228e3e3702cab9832751bac"
  version = "v1.2.0"

[[projects]]
  branch = "master"
  digest = "1:f29f83301ed096daed24a90f4af591b7560cb14b9cc3e1827abbf04db7269ab5"
  name = "github.com/spf13/jwalterweatherman"
  packages = ["."]
  pruneopts = "NUT"
  revision = "14d3d4c518341bea657dd8a226f5121c0ff8c9f2"

[[projects]]
  digest = "1:e3707aeaccd2adc89eba6c062fec72116fe1fc1ba71097da85b4d8ae1668a675"
  name = "github.com/spf13/pflag"
  packages = ["."]
  pruneopts = "NUT"
  revision = "9a97c102cda95a86cec2345a6f09f55a939babf5"
  version = "v1.0.2"

[[projects]]
  digest = "1:454979540e2a1582f375a17c106cf4e11e3bcac4baffb4af23e515c87f87de13"
  name = "github.com/spf13/viper"
  packages = ["."]
  pruneopts = "NUT"
  revision = "907c19d40d9a6c9bb55f040ff4ae45271a4754b9"
  version = "v1.1.0"

[[projects]]
  branch = "master"
  digest = "1:47201ae9986674849b91deb7eb8c5625d84b387ff1ae161a4ae3eb62779217cb"
  name = "github.com/streadway/simpleuuid"
  packages = ["."]
  pruneopts = "NUT"
  revision = "6617b501e485b77e61b98cd533aefff9e258b5a7"

[[projects]]
  digest = "1:0331452965d8695c0a5633e0f509012987681a654f388f2ad0c3b2d7f7004b1c"
  name = "github.com/stretchr/testify"
  packages = [
    "assert",
    "require",
  ]
  pruneopts = "NUT"
  revision = "f35b8ab0b5a2cef36673838d662e249dd9c94686"
  version = "v1.2.2"

[[projects]]
  branch = "master"
  digest = "1:f2ffd421680b0a3f7887501b3c6974bcf19217ecd301d0e2c9b681940ec363d5"
  name = "github.com/syndtr/goleveldb"
  packages = [
    "leveldb",
    "leveldb/cache",
    "leveldb/comparer",
    "leveldb/errors",
    "leveldb/filter",
    "leveldb/iterator",
    "leveldb/journal",
    "leveldb/memdb",
    "leveldb/opt",
    "leveldb/storage",
    "leveldb/table",
    "leveldb/util",
  ]
  pruneopts = "NUT"
  revision = "ae2bd5eed72d46b28834ec3f60db3a3ebedd8dbd"

[[projects]]
  branch = "master"
  digest = "1:087aaa7920e5d0bf79586feb57ce01c35c830396ab4392798112e8aae8c47722"
  name = "github.com/tendermint/ed25519"
  packages = [
    ".",
    "edwards25519",
    "extra25519",
  ]
  pruneopts = "NUT"
  revision = "d8387025d2b9d158cf4efb07e7ebf814bcce2057"

[[projects]]
  digest = "1:0fbb744c7842baaec7f5b2e0eb9814668bf34c4eb3c4fe6fc9ac856a937a5eff"
  name = "github.com/tendermint/go-amino"
  packages = ["."]
  pruneopts = "NUT"
  revision = "2106ca61d91029c931fd54968c2bb02dc96b1412"
  version = "0.10.1"

[[projects]]
  digest = "1:76c7684f6ff9b92dd8f934ad853838e207ab4b7d68927f95f5ba785d8bea56d2"
  name = "github.com/tendermint/iavl"
  packages = ["."]
  pruneopts = "NUT"
  revision = "e5726c0066ccdd299a2ec9262f93c7896cdfcd87"
  version = "v0.10.0"

[[projects]]
  digest = "1:77fa9bc72848b93790fdad4f728f4ae36a905a51d6056dc72752889157fc37c0"
  name = "github.com/tendermint/tendermint"
  packages = [
    "abci/client",
    "abci/example/code",
    "abci/example/kvstore",
    "abci/types",
    "blockchain",
    "config",
    "consensus",
    "consensus/types",
    "crypto",
    "crypto/ed25519",
    "crypto/encoding/amino",
    "crypto/merkle",
    "crypto/secp256k1",
    "crypto/tmhash",
    "evidence",
    "libs/autofile",
    "libs/clist",
    "libs/common",
    "libs/db",
    "libs/events",
    "libs/flowrate",
    "libs/log",
    "libs/pubsub",
    "libs/pubsub/query",
    "mempool",
    "node",
    "p2p",
    "p2p/conn",
    "p2p/pex",
    "p2p/upnp",
    "privval",
    "proxy",
    "rpc/core",
    "rpc/core/types",
    "rpc/grpc",
    "rpc/lib",
    "rpc/lib/server",
    "rpc/lib/types",
    "state",
    "state/txindex",
    "state/txindex/kv",
    "state/txindex/null",
    "types",
    "version",
  ]
  pruneopts = "UT"
  revision = "013b9cef642f875634c614019ab13b17570778ad"
  version = "v0.23.0"

[[projects]]
  branch = "master"
  digest = "1:ac0a19060bcaafa2abdeebbc9a40cdca961039cd01e639a0b728fdb7b8d2200a"
  name = "github.com/tmthrgd/asm"
  packages = ["."]
  pruneopts = "NUT"
  revision = "e7da50cc23089806f643a8a72d1e6e2b4daefe91"

[[projects]]
  branch = "master"
  digest = "1:cca27d0506f054ec7cef0eb1e60dd770e60337b83f4534e6316921bd288c4340"
  name = "github.com/tmthrgd/go-hex"
  packages = ["."]
  pruneopts = "NUT"
  revision = "a82aa03cedda71045967f5cc69c22cada26f4e6c"

[[projects]]
  branch = "master"
  digest = "1:fda2fde01556c582685ab0a5cf270ea0bd657f572fbdfc89b9acc31e1d48dc8a"
  name = "golang.org/x/crypto"
  packages = [
    "chacha20poly1305",
    "curve25519",
    "ed25519",
    "ed25519/internal/edwards25519",
    "hkdf",
    "internal/chacha20",
    "internal/subtle",
    "nacl/box",
    "nacl/secretbox",
    "pbkdf2",
    "poly1305",
    "ripemd160",
    "salsa20/salsa",
    "scrypt",
    "ssh/terminal",
  ]
  pruneopts = "NUT"
  revision = "de0752318171da717af4ce24d0a2e8626afaeb11"

[[projects]]
  digest = "1:2822b75330f8a787dca2f7d861788811676b2c50cea125851bbe32e9fd31624c"
  name = "golang.org/x/net"
  packages = [
    "context",
    "http/httpguts",
    "http2",
    "http2/hpack",
    "idna",
    "internal/timeseries",
    "netutil",
    "trace",
  ]
  pruneopts = "NUT"
  revision = "292b43bbf7cb8d35ddf40f8d5100ef3837cced3f"

[[projects]]
  branch = "master"
  digest = "1:60bc8320b223dd61541ea3d359a4dc241817695c826d571e2da23ae79f5521b7"
  name = "golang.org/x/sys"
  packages = [
    "cpu",
    "unix",
    "windows",
  ]
  pruneopts = "NUT"
  revision = "1c9583448a9c3aa0f9a6a5241bf73c0bd8aafded"

[[projects]]
  digest = "1:e7071ed636b5422cc51c0e3a6cebc229d6c9fffc528814b519a980641422d619"
  name = "golang.org/x/text"
  packages = [
    "collate",
    "collate/build",
    "internal/colltab",
    "internal/gen",
    "internal/tag",
    "internal/triegen",
    "internal/ucd",
    "language",
    "secure/bidirule",
    "transform",
    "unicode/bidi",
    "unicode/cldr",
    "unicode/norm",
    "unicode/rangetable",
  ]
  pruneopts = "NUT"
  revision = "f21a4dfb5e38f5895301dc265a8def02365cc3d0"
  version = "v0.3.0"

[[projects]]
  branch = "master"
  digest = "1:077c1c599507b3b3e9156d17d36e1e61928ee9b53a5b420f10f28ebd4a0b275c"
  name = "google.golang.org/genproto"
  packages = ["googleapis/rpc/status"]
  pruneopts = "NUT"
  revision = "d0a8f471bba2dbb160885b0000d814ee5d559bad"

[[projects]]
  digest = "1:d0e5846da58e4e20d1bbd7502b24f31d37e3ac1e02a9042d95bd93c2d0c139dd"
  name = "google.golang.org/grpc"
  packages = [
    ".",
    "balancer",
    "balancer/base",
    "balancer/roundrobin",
    "codes",
    "connectivity",
    "credentials",
    "encoding",
    "encoding/proto",
    "grpclog",
    "internal",
    "internal/backoff",
    "internal/channelz",
    "internal/grpcrand",
    "keepalive",
    "metadata",
    "naming",
    "peer",
    "resolver",
    "resolver/dns",
    "resolver/passthrough",
    "stats",
    "status",
    "tap",
    "transport",
  ]
  pruneopts = "NUT"
  revision = "168a6198bcb0ef175f7dacec0b8691fc141dc9b8"
  version = "v1.13.0"

[[projects]]
  digest = "1:7c95b35057a0ff2e19f707173cc1a947fa43a6eb5c4d300d196ece0334046082"
  name = "gopkg.in/yaml.v2"
  packages = ["."]
  pruneopts = "NUT"
  revision = "5420a8b6744d3b0345ab293f6fcba19c978f1183"
  version = "v2.2.1"

[solve-meta]
  analyzer-name = "dep"
  analyzer-version = 1
  input-imports = [
    "github.com/BurntSushi/toml",
    "github.com/OneOfOne/xxhash",
    "github.com/btcsuite/btcd/btcec",
    "github.com/cep21/xdgbasedir",
    "github.com/eapache/channels",
    "github.com/elgs/gojq",
    "github.com/go-kit/kit/log",
    "github.com/go-kit/kit/log/term",
    "github.com/go-ozzo/ozzo-validation",
    "github.com/go-ozzo/ozzo-validation/is",
    "github.com/gogo/protobuf/gogoproto",
    "github.com/gogo/protobuf/proto",
    "github.com/gogo/protobuf/types",
    "github.com/golang/protobuf/proto",
    "github.com/golang/protobuf/ptypes/timestamp",
    "github.com/gorilla/websocket",
    "github.com/howeyc/gopass",
    "github.com/iancoleman/strcase",
    "github.com/imdario/mergo",
    "github.com/jawher/mow.cli",
    "github.com/monax/relic",
    "github.com/pkg/errors",
    "github.com/prometheus/client_golang/prometheus",
    "github.com/rcrowley/go-metrics",
    "github.com/sirupsen/logrus",
    "github.com/spf13/viper",
    "github.com/streadway/simpleuuid",
    "github.com/stretchr/testify/assert",
    "github.com/stretchr/testify/require",
    "github.com/tendermint/go-amino",
    "github.com/tendermint/iavl",
    "github.com/tendermint/tendermint/abci/types",
    "github.com/tendermint/tendermint/blockchain",
    "github.com/tendermint/tendermint/config",
    "github.com/tendermint/tendermint/consensus",
    "github.com/tendermint/tendermint/consensus/types",
    "github.com/tendermint/tendermint/crypto",
    "github.com/tendermint/tendermint/crypto/ed25519",
    "github.com/tendermint/tendermint/crypto/encoding/amino",
    "github.com/tendermint/tendermint/crypto/secp256k1",
    "github.com/tendermint/tendermint/crypto/tmhash",
    "github.com/tendermint/tendermint/libs/common",
    "github.com/tendermint/tendermint/libs/db",
    "github.com/tendermint/tendermint/libs/log",
    "github.com/tendermint/tendermint/libs/pubsub",
    "github.com/tendermint/tendermint/node",
    "github.com/tendermint/tendermint/p2p",
    "github.com/tendermint/tendermint/proxy",
    "github.com/tendermint/tendermint/rpc/core",
    "github.com/tendermint/tendermint/rpc/core/types",
    "github.com/tendermint/tendermint/state",
    "github.com/tendermint/tendermint/types",
    "github.com/tmthrgd/go-hex",
    "golang.org/x/crypto/ed25519",
    "golang.org/x/crypto/ripemd160",
    "golang.org/x/crypto/scrypt",
    "golang.org/x/net/context",
    "google.golang.org/grpc",
    "gopkg.in/yaml.v2",
  ]
  solver-name = "gps-cdcl"
  solver-version = 1
